
Microsoft Visual Studio Solution File, Format Version 12.00
# Visual Studio Version 17
VisualStudioVersion = 17.2.32630.192
MinimumVisualStudioVersion = 10.0.40219.1
Project("{FAE04EC0-301F-11D3-BF4B-00C04F79EFBC}") = "fao_PROJECT", "fao_PROJECT\fao_PROJECT.csproj", "{8AF68A5D-0AA3-435C-82A5-A7386EE46659}"
EndProject
Global
	GlobalSection(SolutionConfigurationPlatforms) = preSolution
		Debug|Any CPU = Debug|Any CPU
		Release|Any CPU = Release|Any CPU
	EndGlobalSection
	GlobalSection(ProjectConfigurationPlatforms) = postSolution
		{8AF68A5D-0AA3-435C-82A5-A7386EE46659}.Debug|Any CPU.ActiveCfg = Debug|Any CPU
		{8AF68A5D-0AA3-435C-82A5-A7386EE46659}.Debug|Any CPU.Build.0 = Debug|Any CPU
		{8AF68A5D-0AA3-435C-82A5-A7386EE46659}.Release|Any CPU.ActiveCfg = Release|Any CPU
		{8AF68A5D-0AA3-435C-82A5-A7386EE46659}.Release|Any CPU.Build.0 = Release|Any CPU
	EndGlobalSection
	GlobalSection(SolutionProperties) = preSolution
		HideSolutionNode = FALSE
	EndGlobalSection
	GlobalSection(ExtensibilityGlobals) = postSolution
		SolutionGuid = {D04C9AA8-DDEB-480A-B3EB-ABC940D74D7D}
	EndGlobalSection
EndGlobal
